// !$*UTF8*$!
{
	archiveVersion = 1;
	classes = {
	};
	objectVersion = 50;
	objects = {

/* Begin PBXBuildFile section */
		D4343CF623ECFD74004A9B09 /* AppDelegate.swift in Sources */ = {isa = PBXBuildFile; fileRef = D4343CF523ECFD74004A9B09 /* AppDelegate.swift */; };
		D4343CF823ECFD74004A9B09 /* SceneDelegate.swift in Sources */ = {isa = PBXBuildFile; fileRef = D4343CF723ECFD74004A9B09 /* SceneDelegate.swift */; };
		D4343CFA23ECFD74004A9B09 /* ViewController.swift in Sources */ = {isa = PBXBuildFile; fileRef = D4343CF923ECFD74004A9B09 /* ViewController.swift */; };
		D4343CFD23ECFD74004A9B09 /* Main.storyboard in Resources */ = {isa = PBXBuildFile; fileRef = D4343CFB23ECFD74004A9B09 /* Main.storyboard */; };
		D4343CFF23ECFD75004A9B09 /* Assets.xcassets in Resources */ = {isa = PBXBuildFile; fileRef = D4343CFE23ECFD75004A9B09 /* Assets.xcassets */; };
		D4343D0223ECFD75004A9B09 /* LaunchScreen.storyboard in Resources */ = {isa = PBXBuildFile; fileRef = D4343D0023ECFD75004A9B09 /* LaunchScreen.storyboard */; };
		DC85E4E533579FEC31AD3D94 /* Pods_alamofire_codewithchris.framework in Frameworks */ = {isa = PBXBuildFile; fileRef = 7832F808F52012E7F95AC8B3 /* Pods_alamofire_codewithchris.framework */; };
/* End PBXBuildFile section */

/* Begin PBXFileReference section */
		03921CFC431B5508CBFE8269 /* Pods-alamofire_codewithchris.debug.xcconfig */ = {isa = PBXFileReference; includeInIndex = 1; lastKnownFileType = text.xcconfig; name = "Pods-alamofire_codewithchris.debug.xcconfig"; path = "Target Support Files/Pods-alamofire_codewithchris/Pods-alamofire_codewithchris.debug.xcconfig"; sourceTree = "<group>"; };
		0B5864AF26B4D7ECDC3E83BF /* Pods-alamofire_codewithchris.release.xcconfig */ = {isa = PBXFileReference; includeInIndex = 1; lastKnownFileType = text.xcconfig; name = "Pods-alamofire_codewithchris.release.xcconfig"; path = "Target Support Files/Pods-alamofire_codewithchris/Pods-alamofire_codewithchris.release.xcconfig"; sourceTree = "<group>"; };
		7832F808F52012E7F95AC8B3 /* Pods_alamofire_codewithchris.framework */ = {isa = PBXFileReference; explicitFileType = wrapper.framework; includeInIndex = 0; path = Pods_alamofire_codewithchris.framework; sourceTree = BUILT_PRODUCTS_DIR; };
		D4343CF223ECFD74004A9B09 /* alamofire_codewithchris.app */ = {isa = PBXFileReference; explicitFileType = wrapper.application; includeInIndex = 0; path = alamofire_codewithchris.app; sourceTree = BUILT_PRODUCTS_DIR; };
		D4343CF523ECFD74004A9B09 /* AppDelegate.swift */ = {isa = PBXFileReference; lastKnownFileType = sourcecode.swift; path = AppDelegate.swift; sourceTree = "<group>"; };
		D4343CF723ECFD74004A9B09 /* SceneDelegate.swift */ = {isa = PBXFileReference; lastKnownFileType = sourcecode.swift; path = SceneDelegate.swift; sourceTree = "<group>"; };
		D4343CF923ECFD74004A9B09 /* ViewController.swift */ = {isa = PBXFileReference; lastKnownFileType = sourcecode.swift; path = ViewController.swift; sourceTree = "<group>"; };
		D4343CFC23ECFD74004A9B09 /* Base */ = {isa = PBXFileReference; lastKnownFileType = file.storyboard; name = Base; path = Base.lproj/Main.storyboard; sourceTree = "<group>"; };
		D4343CFE23ECFD75004A9B09 /* Assets.xcassets */ = {isa = PBXFileReference; lastKnownFileType = folder.assetcatalog; path = Assets.xcassets; sourceTree = "<group>"; };
		D4343D0123ECFD75004A9B09 /* Base */ = {isa = PBXFileReference; lastKnownFileType = file.storyboard; name = Base; path = Base.lproj/LaunchScreen.storyboard; sourceTree = "<group>"; };
		D4343D0323ECFD75004A9B09 /* Info.plist */ = {isa = PBXFileReference; lastKnownFileType = text.plist.xml; path = Info.plist; sourceTree = "<group>"; };
/* End PBXFileReference section */

/* Begin PBXFrameworksBuildPhase section */
		D4343CEF23ECFD74004A9B09 /* Frameworks */ = {
			isa = PBXFrameworksBuildPhase;
			buildActionMask = 2147483647;
			files = (
				DC85E4E533579FEC31AD3D94 /* Pods_alamofire_codewithchris.framework in Frameworks */,
			);
			runOnlyForDeploymentPostprocessing = 0;
		};
/* End PBXFrameworksBuildPhase section */

/* Begin PBXGroup section */
		25D3FD4699EEE994ABF69DA7 /* Frameworks */ = {
			isa = PBXGroup;
			children = (
				7832F808F52012E7F95AC8B3 /* Pods_alamofire_codewithchris.framework */,
			);
			name = Frameworks;
			sourceTree = "<group>";
		};
		6F048CFF908A87749E061917 /* Pods */ = {
			isa = PBXGroup;
			children = (
				03921CFC431B5508CBFE8269 /* Pods-alamofire_codewithchris.debug.xcconfig */,
				0B5864AF26B4D7ECDC3E83BF /* Pods-alamofire_codewithchris.release.xcconfig */,
			);
			name = Pods;
			path = Pods;
			sourceTree = "<group>";
		};
		D4343CE923ECFD74004A9B09 = {
			isa = PBXGroup;
			children = (
				D4343CF423ECFD74004A9B09 /* alamofire_codewithchris */,
				D4343CF323ECFD74004A9B09 /* Products */,
				6F048CFF908A87749E061917 /* Pods */,
				25D3FD4699EEE994ABF69DA7 /* Frameworks */,
			);
			sourceTree = "<group>";
		};
		D4343CF323ECFD74004A9B09 /* Products */ = {
			isa = PBXGroup;
			children = (
				D4343CF223ECFD74004A9B09 /* alamofire_codewithchris.app */,
			);
			name = Products;
			sourceTree = "<group>";
		};
		D4343CF423ECFD74004A9B09 /* alamofire_codewithchris */ = {
			isa = PBXGroup;
			children = (
				D4343CF523ECFD74004A9B09 /* AppDelegate.swift */,
				D4343CF723ECFD74004A9B09 /* SceneDelegate.swift */,
				D4343CF923ECFD74004A9B09 /* ViewController.swift */,
				D4343CFB23ECFD74004A9B09 /* Main.storyboard */,
				D4343CFE23ECFD75004A9B09 /* Assets.xcassets */,
				D4343D0023ECFD75004A9B09 /* LaunchScreen.storyboard */,
				D4343D0323ECFD75004A9B09 /* Info.plist */,
			);
			path = alamofire_codewithchris;
			sourceTree = "<group>";
		};
/* End PBXGroup section */

/* Begin PBXNativeTarget section */
		D4343CF123ECFD74004A9B09 /* alamofire_codewithchris */ = {
			isa = PBXNativeTarget;
			buildConfigurationList = D4343D0623ECFD75004A9B09 /* Build configuration list for PBXNativeTarget "alamofire_codewithchris" */;
			buildPhases = (
				E96B51DE14DB14F8225C5A7A /* [CP] Check Pods Manifest.lock */,
				D4343CEE23ECFD74004A9B09 /* Sources */,
				D4343CEF23ECFD74004A9B09 /* Frameworks */,
				D4343CF023ECFD74004A9B09 /* Resources */,
				23293BDEE34A65D7967DAD44 /* [CP] Embed Pods Frameworks */,
			);
			buildRules = (
			);
			dependencies = (
			);
			name = alamofire_codewithchris;
			productName = alamofire_codewithchris;
			productReference = D4343CF223ECFD74004A9B09 /* alamofire_codewithchris.app */;
			productType = "com.apple.product-type.application";
		};
/* End PBXNativeTarget section */

/* Begin PBXProject section */
		D4343CEA23ECFD74004A9B09 /* Project object */ = {
			isa = PBXProject;
			attributes = {
				LastSwiftUpdateCheck = 1130;
				LastUpgradeCheck = 1130;
				ORGANIZATIONNAME = "Le Phu Hao";
				TargetAttributes = {
					D4343CF123ECFD74004A9B09 = {
						CreatedOnToolsVersion = 11.3.1;
					};
				};
			};
			buildConfigurationList = D4343CED23ECFD74004A9B09 /* Build configuration list for PBXProject "alamofire_codewithchris" */;
			compatibilityVersion = "Xcode 9.3";
			developmentRegion = en;
			hasScannedForEncodings = 0;
			knownRegions = (
				en,
				Base,
			);
			mainGroup = D4343CE923ECFD74004A9B09;
			productRefGroup = D4343CF323ECFD74004A9B09 /* Products */;
			projectDirPath = "";
			projectRoot = "";
			targets = (
				D4343CF123ECFD74004A9B09 /* alamofire_codewithchris */,
			);
		};
/* End PBXProject section */

/* Begin PBXResourcesBuildPhase section */
		D4343CF023ECFD74004A9B09 /* Resources */ = {
			isa = PBXResourcesBuildPhase;
			buildActionMask = 2147483647;
			files = (
				D4343D0223ECFD75004A9B09 /* LaunchScreen.storyboard in Resources */,
				D4343CFF23ECFD75004A9B09 /* Assets.xcassets in Resources */,
				D4343CFD23ECFD74004A9B09 /* Main.storyboard in Resources */,
			);
			runOnlyForDeploymentPostprocessing = 0;
		};
/* End PBXResourcesBuildPhase section */

/* Begin PBXShellScriptBuildPhase section */
		23293BDEE34A65D7967DAD44 /* [CP] Embed Pods Frameworks */ = {
			isa = PBXShellScriptBuildPhase;
			buildActionMask = 2147483647;
			files = (
			);
			inputFileListPaths = (
				"${PODS_ROOT}/Target Support Files/Pods-alamofire_codewithchris/Pods-alamofire_codewithchris-frameworks-${CONFIGURATION}-input-files.xcfilelist",
			);
			name = "[CP] Embed Pods Frameworks";
			outputFileListPaths = (
				"${PODS_ROOT}/Target Support Files/Pods-alamofire_codewithchris/Pods-alamofire_codewithchris-frameworks-${CONFIGURATION}-output-files.xcfilelist",
			);
			runOnlyForDeploymentPostprocessing = 0;
			shellPath = /bin/sh;
			shellScript = "\"${PODS_ROOT}/Target Support Files/Pods-alamofire_codewithchris/Pods-alamofire_codewithchris-frameworks.sh\"\n";
			showEnvVarsInLog = 0;
		};
		E96B51DE14DB14F8225C5A7A /* [CP] Check Pods Manifest.lock */ = {
			isa = PBXShellScriptBuildPhase;
			buildActionMask = 2147483647;
			files = (
			);
			inputFileListPaths = (
			);
			inputPaths = (
				"${PODS_PODFILE_DIR_PATH}/Podfile.lock",
				"${PODS_ROOT}/Manifest.lock",
			);
			name = "[CP] Check Pods Manifest.lock";
			outputFileListPaths = (
			);
			outputPaths = (
				"$(DERIVED_FILE_DIR)/Pods-alamofire_codewithchris-checkManifestLockResult.txt",
			);
			runOnlyForDeploymentPostprocessing = 0;
			shellPath = /bin/sh;
			shellScript = "diff \"${PODS_PODFILE_DIR_PATH}/Podfile.lock\" \"${PODS_ROOT}/Manifest.lock\" > /dev/null\nif [ $? != 0 ] ; then\n    # print error to STDERR\n    echo \"error: The sandbox is not in sync with the Podfile.lock. Run 'pod install' or update your CocoaPods installation.\" >&2\n    exit 1\nfi\n# This output is used by Xcode 'outputs' to avoid re-running this script phase.\necho \"SUCCESS\" > \"${SCRIPT_OUTPUT_FILE_0}\"\n";
			showEnvVarsInLog = 0;
		};
/* End PBXShellScriptBuildPhase section */

/* Begin PBXSourcesBuildPhase section */
		D4343CEE23ECFD74004A9B09 /* Sources */ = {
			isa = PBXSourcesBuildPhase;
			buildActionMask = 2147483647;
			files = (
				D4343CFA23ECFD74004A9B09 /* ViewController.swift in Sources */,
				D4343CF623ECFD74004A9B09 /* AppDelegate.swift in Sources */,
				D4343CF823ECFD74004A9B09 /* SceneDelegate.swift in Sources */,
			);
			runOnlyForDeploymentPostprocessing = 0;
		};
/* End PBXSourcesBuildPhase section */

/* Begin PBXVariantGroup section */
		D4343CFB23ECFD74004A9B09 /* Main.storyboard */ = {
			isa = PBXVariantGroup;
			children = (
				D4343CFC23ECFD74004A9B09 /* Base */,
			);
			name = Main.storyboard;
			sourceTree = "<group>";
		};
		D4343D0023ECFD75004A9B09 /* LaunchScreen.storyboard */ = {
			isa = PBXVariantGroup;
			children = (
				D4343D0123ECFD75004A9B09 /* Base */,
			);
			name = LaunchScreen.storyboard;
			sourceTree = "<group>";
		};
/* End PBXVariantGroup section */

/* Begin XCBuildConfiguration section */
		D4343D0423ECFD75004A9B09 /* Debug */ = {
			isa = XCBuildConfiguration;
			buildSettings = {
				ALWAYS_SEARCH_USER_PATHS = NO;
				CLANG_ANALYZER_NONNULL = YES;
				CLANG_ANALYZER_NUMBER_OBJECT_CONVERSION = YES_AGGRESSIVE;
				CLANG_CXX_LANGUAGE_STANDARD = "gnu++14";
				CLANG_CXX_LIBRARY = "libc++";
				CLANG_ENABLE_MODULES = YES;
				CLANG_ENABLE_OBJC_ARC = YES;
				CLANG_ENABLE_OBJC_WEAK = YES;
				CLANG_WARN_BLOCK_CAPTURE_AUTORELEASING = YES;
				CLANG_WARN_BOOL_CONVERSION = YES;
				CLANG_WARN_COMMA = YES;
				CLANG_WARN_CONSTANT_CONVERSION = YES;
				CLANG_WARN_DEPRECATED_OBJC_IMPLEMENTATIONS = YES;
				CLANG_WARN_DIRECT_OBJC_ISA_USAGE = YES_ERROR;
				CLANG_WARN_DOCUMENTATION_COMMENTS = YES;
				CLANG_WARN_EMPTY_BODY = YES;
				CLANG_WARN_ENUM_CONVERSION = YES;
				CLANG_WARN_INFINITE_RECURSION = YES;
				CLANG_WARN_INT_CONVERSION = YES;
				CLANG_WARN_NON_LITERAL_NULL_CONVERSION = YES;
				CLANG_WARN_OBJC_IMPLICIT_RETAIN_SELF = YES;
				CLANG_WARN_OBJC_LITERAL_CONVERSION = YES;
				CLANG_WARN_OBJC_ROOT_CLASS = YES_ERROR;
				CLANG_WARN_RANGE_LOOP_ANALYSIS = YES;
				CLANG_WARN_STRICT_PROTOTYPES = YES;
				CLANG_WARN_SUSPICIOUS_MOVE = YES;
				CLANG_WARN_UNGUARDED_AVAILABILITY = YES_AGGRESSIVE;
				CLANG_WARN_UNREACHABLE_CODE = YES;
				CLANG_WARN__DUPLICATE_METHOD_MATCH = YES;
				COPY_PHASE_STRIP = NO;
				DEBUG_INFORMATION_FORMAT = dwarf;
				ENABLE_STRICT_OBJC_MSGSEND = YES;
				ENABLE_TESTABILITY = YES;
				GCC_C_LANGUAGE_STANDARD = gnu11;
				GCC_DYNAMIC_NO_PIC = NO;
				GCC_NO_COMMON_BLOCKS = YES;
				GCC_OPTIMIZATION_LEVEL = 0;
				GCC_PREPROCESSOR_DEFINITIONS = (
					"DEBUG=1",
					"$(inherited)",
				);
				GCC_WARN_64_TO_32_BIT_CONVERSION = YES;
				GCC_WARN_ABOUT_RETURN_TYPE = YES_ERROR;
				GCC_WARN_UNDECLARED_SELECTOR = YES;
				GCC_WARN_UNINITIALIZED_AUTOS = YES_AGGRESSIVE;
				GCC_WARN_UNUSED_FUNCTION = YES;
				GCC_WARN_UNUSED_VARIABLE = YES;
				IPHONEOS_DEPLOYMENT_TARGET = 13.2;
				MTL_ENABLE_DEBUG_INFO = INCLUDE_SOURCE;
				MTL_FAST_MATH = YES;
				ONLY_ACTIVE_ARCH = YES;
				SDKROOT = iphoneos;
				SWIFT_ACTIVE_COMPILATION_CONDITIONS = DEBUG;
				SWIFT_OPTIMIZATION_LEVEL = "-Onone";
			};
			name = Debug;
		};
		D4343D0523ECFD75004A9B09 /* Release */ = {
			isa = XCBuildConfiguration;
			buildSettings = {
				ALWAYS_SEARCH_USER_PATHS = NO;
				CLANG_ANALYZER_NONNULL = YES;
				CLANG_ANALYZER_NUMBER_OBJECT_CONVERSION = YES_AGGRESSIVE;
				CLANG_CXX_LANGUAGE_STANDARD = "gnu++14";
				CLANG_CXX_LIBRARY = "libc++";
				CLANG_ENABLE_MODULES = YES;
				CLANG_ENABLE_OBJC_ARC = YES;
				CLANG_ENABLE_OBJC_WEAK = YES;
				CLANG_WARN_BLOCK_CAPTURE_AUTORELEASING = YES;
				CLANG_WARN_BOOL_CONVERSION = YES;
				CLANG_WARN_COMMA = YES;
				CLANG_WARN_CONSTANT_CONVERSION = YES;
				CLANG_WARN_DEPRECATED_OBJC_IMPLEMENTATIONS = YES;
				CLANG_WARN_DIRECT_OBJC_ISA_USAGE = YES_ERROR;
				CLANG_WARN_DOCUMENTATION_COMMENTS = YES;
				CLANG_WARN_EMPTY_BODY = YES;
				CLANG_WARN_ENUM_CONVERSION = YES;
				CLANG_WARN_INFINITE_RECURSION = YES;
				CLANG_WARN_INT_CONVERSION = YES;
				CLANG_WARN_NON_LITERAL_NULL_CONVERSION = YES;
				CLANG_WARN_OBJC_IMPLICIT_RETAIN_SELF = YES;
				CLANG_WARN_OBJC_LITERAL_CONVERSION = YES;
				CLANG_WARN_OBJC_ROOT_CLASS = YES_ERROR;
				CLANG_WARN_RANGE_LOOP_ANALYSIS = YES;
				CLANG_WARN_STRICT_PROTOTYPES = YES;
				CLANG_WARN_SUSPICIOUS_MOVE = YES;
				CLANG_WARN_UNGUARDED_AVAILABILITY = YES_AGGRESSIVE;
				CLANG_WARN_UNREACHABLE_CODE = YES;
				CLANG_WARN__DUPLICATE_METHOD_MATCH = YES;
				COPY_PHASE_STRIP = NO;
				DEBUG_INFORMATION_FORMAT = "dwarf-with-dsym";
				ENABLE_NS_ASSERTIONS = NO;
				ENABLE_STRICT_OBJC_MSGSEND = YES;
				GCC_C_LANGUAGE_STANDARD = gnu11;
				GCC_NO_COMMON_BLOCKS = YES;
				GCC_WARN_64_TO_32_BIT_CONVERSION = YES;
				GCC_WARN_ABOUT_RETURN_TYPE = YES_ERROR;
				GCC_WARN_UNDECLARED_SELECTOR = YES;
				GCC_WARN_UNINITIALIZED_AUTOS = YES_AGGRESSIVE;
				GCC_WARN_UNUSED_FUNCTION = YES;
				GCC_WARN_UNUSED_VARIABLE = YES;
				IPHONEOS_DEPLOYMENT_TARGET = 13.2;
				MTL_ENABLE_DEBUG_INFO = NO;
				MTL_FAST_MATH = YES;
				SDKROOT = iphoneos;
				SWIFT_COMPILATION_MODE = wholemodule;
				SWIFT_OPTIMIZATION_LEVEL = "-O";
				VALIDATE_PRODUCT = YES;
			};
			name = Release;
		};
		D4343D0723ECFD75004A9B09 /* Debug */ = {
			isa = XCBuildConfiguration;
			baseConfigurationReference = 03921CFC431B5508CBFE8269 /* Pods-alamofire_codewithchris.debug.xcconfig */;
			buildSettings = {
				ASSETCATALOG_COMPILER_APPICON_NAME = AppIcon;
				CODE_SIGN_STYLE = Automatic;
				DEVELOPMENT_TEAM = YWRDS3CSJ5;
				INFOPLIST_FILE = alamofire_codewithchris/Info.plist;
				LD_RUNPATH_SEARCH_PATHS = (
					"$(inherited)",
					"@executable_path/Frameworks",
				);
				PRODUCT_BUNDLE_IDENTIFIER = "haohao.alamofire-codewithchris";
				PRODUCT_NAME = "$(TARGET_NAME)";
				SWIFT_VERSION = 5.0;
				TARGETED_DEVICE_FAMILY = "1,2";
			};
			name = Debug;
		};
		D4343D0823ECFD75004A9B09 /* Release */ = {
			isa = XCBuildConfiguration;
			baseConfigurationReference = 0B5864AF26B4D7ECDC3E83BF /* Pods-alamofire_codewithchris.release.xcconfig */;
			buildSettings = {
				ASSETCATALOG_COMPILER_APPICON_NAME = AppIcon;
				CODE_SIGN_STYLE = Automatic;
				DEVELOPMENT_TEAM = YWRDS3CSJ5;
				INFOPLIST_FILE = alamofire_codewithchris/Info.plist;
				LD_RUNPATH_SEARCH_PATHS = (
					"$(inherited)",
					"@executable_path/Frameworks",
				);
				PRODUCT_BUNDLE_IDENTIFIER = "haohao.alamofire-codewithchris";
				PRODUCT_NAME = "$(TARGET_NAME)";
				SWIFT_VERSION = 5.0;
				TARGETED_DEVICE_FAMILY = "1,2";
			};
			name = Release;
		};
/* End XCBuildConfiguration section */

/* Begin XCConfigurationList section */
		D4343CED23ECFD74004A9B09 /* Build configuration list for PBXProject "alamofire_codewithchris" */ = {
			isa = XCConfigurationList;
			buildConfigurations = (
				D4343D0423ECFD75004A9B09 /* Debug */,
				D4343D0523ECFD75004A9B09 /* Release */,
			);
			defaultConfigurationIsVisible = 0;
			defaultConfigurationName = Release;
		};
		D4343D0623ECFD75004A9B09 /* Build configuration list for PBXNativeTarget "alamofire_codewithchris" */ = {
			isa = XCConfigurationList;
			buildConfigurations = (
				D4343D0723ECFD75004A9B09 /* Debug */,
				D4343D0823ECFD75004A9B09 /* Release */,
			);
			defaultConfigurationIsVisible = 0;
			defaultConfigurationName = Release;
		};
/* End XCConfigurationList section */
	};
	rootObject = D4343CEA23ECFD74004A9B09 /* Project object */;
}
